github.com/st1992/x264-go/x264c v0.0.0-20220603095228-ad6074e24698 h1:QA0pfGz7cB6oq+fa3hjsxVRZ9cDEAyrNoo9vLF4Scxw=
github.com/st1992/x264-go/x264c v0.0.0-20220603095228-ad6074e24698/go.mod h1:jB8lTcqaDB6opGig8LRFkBAU8WgRWA0HbVPlM1L/nx4=
github.com/st1992/x264-go/x264c v0.0.0-20220603095931-7af4b19681c9 h1:Ygliag40fXClPtjJ2KBkWAMp1zW5g3jSefVyVyYRBbA=
github.com/st1992/x264-go/x264c v0.0.0-20220603095931-7af4b19681c9/go.mod h1:jB8lTcqaDB6opGig8LRFkBAU8WgRWA0HbVPlM1L/nx4=
github.com/st1992/x264-go/x264c v0.0.0-20220603101446-257b1d336d41 h1:TGtb3VkSYDX+geEKYqK3Zi0nhoFThfVTxTH7mXI3RFw=
github.com/st1992/x264-go/x264c v0.0.0-20220603101446-257b1d336d41/go.mod h1:jB8lTcqaDB6opGig8LRFkBAU8WgRWA0HbVPlM1L/nx4=
github.com/st1992/x264-go/yuv v0.0.0-20220603095228-ad6074e24698 h1:KxHECnQUsExvHHfTm04FlSnCWTteoPISx17wOZu8abE=
github.com/st1992/x264-go/yuv v0.0.0-20220603095228-ad6074e24698/go.mod h1:vc8xKMKObdRfJbWHqn1EbXGuFGCzEs3xDF4v8rg8u5U=
github.com/st1992/x264-go/yuv v0.0.0-20220603095931-7af4b19681c9 h1:6N9r5NWPEU4haOEFOQZ+Qy7lxfH41EN/sYdfSFrNPlw=
github.com/st1992/x264-go/yuv v0.0.0-20220603095931-7af4b19681c9/go.mod h1:vc8xKMKObdRfJbWHqn1EbXGuFGCzEs3xDF4v8rg8u5U=
github.com/st1992/x264-go/yuv v0.0.0-20220603101446-257b1d336d41 h1:E+oVJ7RAPYD5gCmzmBOFb3VGOoupg2M4qNTBn3uoBXM=
github.com/st1992/x264-go/yuv v0.0.0-20220603101446-257b1d336d41/go.mod h1:vc8xKMKObdRfJbWHqn1EbXGuFGCzEs3xDF4v8rg8u5U=
